github.com/confluentinc/confluent-kafka-go/v2 v2.5.0 h1:PM18lA9g6u6Qcz06DpXmGRlxXTvWlHqnlAkQi1chPUo=
github.com/confluentinc/confluent-kafka-go/v2 v2.5.0/go.mod h1:Hyo+IIQ/tmsfkOcRP8T6VlSeOW3T33v0Me8Xvq4u90Y=
github.com/gookit/goutil v0.6.16 h1:9fRMCF4X9abdRD5+2HhBS/GwafjBlTUBjRtA5dgkvuw=
github.com/gookit/goutil v0.6.16/go.mod h1:op2q8AoPDFSiY2+qkHxcBWQMYxOLQ1GbLXqe7vrwscI=
github.com/tidwall/btree v1.1.0 h1:5P+9WU8ui5uhmcg3SoPyTwoI0mVyZ1nps7YQzTZFkYM=
github.com/tidwall/btree v1.1.0/go.mod h1:TzIRzen6yHbibdSfK6t8QimqbUnoxUSrZfeW7Uob0q4=
github.com/tidwall/match v1.1.1 h1:+Ho715JplO36QYgwN9PGYNhgZvoUSc9X2c80KVTi+GA=
github.com/tidwall/match v1.1.1/go.mod h1:eRSPERbgtNPcGhD8UCthc6PmLEQXEWd3PRB5JTxsfmM=
github.com/tidwall/redcon v1.6.2 h1:5qfvrrybgtO85jnhSravmkZyC0D+7WstbfCs3MmPhow=
github.com/tidwall/redcon v1.6.2/go.mod h1:p5Wbsgeyi2VSTBWOcA5vRXrOb9arFTcU2+ZzFjqV75Y=
golang.org/x/sync v0.7.0 h1:YsImfSBoP9QPYL0xyKJPq0gcaJdG3rInoqxTWbfQu9M=
golang.org/x/sync v0.7.0/go.mod h1:Czt+wKu1gCyEFDUtn0jG5QVvpJ6rzVqr5aXyt9drQfk=
golang.org/x/text v0.16.0 h1:a94ExnEXNtEwYLGJSIUxnWoxoRz/ZcCsV63ROupILh4=
golang.org/x/text v0.16.0/go.mod h1:GhwF1Be+LQoKShO3cGOHzqOgRrGaYc9AvblQOmPVHnI=
